// !$*UTF8*$!
{
	archiveVersion = 1;
	classes = {
	};
	objectVersion = 50;
	objects = {

/* Begin PBXBuildFile section */
		FC3B315F2321894C00FA66F0 /* AppDelegate.swift in Sources */ = {isa = PBXBuildFile; fileRef = FC3B315E2321894C00FA66F0 /* AppDelegate.swift */; };
		FC3B31612321894C00FA66F0 /* ViewController.swift in Sources */ = {isa = PBXBuildFile; fileRef = FC3B31602321894C00FA66F0 /* ViewController.swift */; };
		FC3B31642321894C00FA66F0 /* Main.storyboard in Resources */ = {isa = PBXBuildFile; fileRef = FC3B31622321894C00FA66F0 /* Main.storyboard */; };
		FC3B31662321895000FA66F0 /* Assets.xcassets in Resources */ = {isa = PBXBuildFile; fileRef = FC3B31652321895000FA66F0 /* Assets.xcassets */; };
		FC3B31692321895000FA66F0 /* LaunchScreen.storyboard in Resources */ = {isa = PBXBuildFile; fileRef = FC3B31672321895000FA66F0 /* LaunchScreen.storyboard */; };
		FC3B317123218BF100FA66F0 /* NetworkManager.swift in Sources */ = {isa = PBXBuildFile; fileRef = FC3B317023218BF100FA66F0 /* NetworkManager.swift */; };
		FC3B317323218C3100FA66F0 /* AppError.swift in Sources */ = {isa = PBXBuildFile; fileRef = FC3B317223218C3100FA66F0 /* AppError.swift */; };
		FC3B317523218C6100FA66F0 /* ImageHelper.swift in Sources */ = {isa = PBXBuildFile; fileRef = FC3B317423218C6100FA66F0 /* ImageHelper.swift */; };
		FC3B317823218E2700FA66F0 /* XKCD.swift in Sources */ = {isa = PBXBuildFile; fileRef = FC3B317723218E2700FA66F0 /* XKCD.swift */; };
		FC3B317B2321A65E00FA66F0 /* PokemonViewController.swift in Sources */ = {isa = PBXBuildFile; fileRef = FC3B317A2321A65E00FA66F0 /* PokemonViewController.swift */; };
		FC3B317D2321A66D00FA66F0 /* RandomDudeViewController.swift in Sources */ = {isa = PBXBuildFile; fileRef = FC3B317C2321A66D00FA66F0 /* RandomDudeViewController.swift */; };
		FC3B31812321B44100FA66F0 /* Poke.swift in Sources */ = {isa = PBXBuildFile; fileRef = FC3B31802321B44000FA66F0 /* Poke.swift */; };
		FC3B31AA2322E46200FA66F0 /* PokeDetailViewController.swift in Sources */ = {isa = PBXBuildFile; fileRef = FC3B31A92322E46100FA66F0 /* PokeDetailViewController.swift */; };
		FC3B31AD2322EF1000FA66F0 /* RandomDude.swift in Sources */ = {isa = PBXBuildFile; fileRef = FC3B31AC2322EF1000FA66F0 /* RandomDude.swift */; };
		FC3B31AF2322F22B00FA66F0 /* RandomDudeTableViewCell.swift in Sources */ = {isa = PBXBuildFile; fileRef = FC3B31AE2322F22B00FA66F0 /* RandomDudeTableViewCell.swift */; };
/* End PBXBuildFile section */

/* Begin PBXFileReference section */
		FC3B315B2321894C00FA66F0 /* lab-image.app */ = {isa = PBXFileReference; explicitFileType = wrapper.application; includeInIndex = 0; path = "lab-image.app"; sourceTree = BUILT_PRODUCTS_DIR; };
		FC3B315E2321894C00FA66F0 /* AppDelegate.swift */ = {isa = PBXFileReference; lastKnownFileType = sourcecode.swift; path = AppDelegate.swift; sourceTree = "<group>"; };
		FC3B31602321894C00FA66F0 /* ViewController.swift */ = {isa = PBXFileReference; lastKnownFileType = sourcecode.swift; path = ViewController.swift; sourceTree = "<group>"; };
		FC3B31632321894C00FA66F0 /* Base */ = {isa = PBXFileReference; lastKnownFileType = file.storyboard; name = Base; path = Base.lproj/Main.storyboard; sourceTree = "<group>"; };
		FC3B31652321895000FA66F0 /* Assets.xcassets */ = {isa = PBXFileReference; lastKnownFileType = folder.assetcatalog; path = Assets.xcassets; sourceTree = "<group>"; };
		FC3B31682321895000FA66F0 /* Base */ = {isa = PBXFileReference; lastKnownFileType = file.storyboard; name = Base; path = Base.lproj/LaunchScreen.storyboard; sourceTree = "<group>"; };
		FC3B316A2321895000FA66F0 /* Info.plist */ = {isa = PBXFileReference; lastKnownFileType = text.plist.xml; path = Info.plist; sourceTree = "<group>"; };
		FC3B317023218BF100FA66F0 /* NetworkManager.swift */ = {isa = PBXFileReference; lastKnownFileType = sourcecode.swift; path = NetworkManager.swift; sourceTree = "<group>"; };
		FC3B317223218C3100FA66F0 /* AppError.swift */ = {isa = PBXFileReference; lastKnownFileType = sourcecode.swift; path = AppError.swift; sourceTree = "<group>"; };
		FC3B317423218C6100FA66F0 /* ImageHelper.swift */ = {isa = PBXFileReference; lastKnownFileType = sourcecode.swift; path = ImageHelper.swift; sourceTree = "<group>"; };
		FC3B317723218E2700FA66F0 /* XKCD.swift */ = {isa = PBXFileReference; lastKnownFileType = sourcecode.swift; path = XKCD.swift; sourceTree = "<group>"; };
		FC3B317A2321A65E00FA66F0 /* PokemonViewController.swift */ = {isa = PBXFileReference; lastKnownFileType = sourcecode.swift; path = PokemonViewController.swift; sourceTree = "<group>"; };
		FC3B317C2321A66D00FA66F0 /* RandomDudeViewController.swift */ = {isa = PBXFileReference; lastKnownFileType = sourcecode.swift; path = RandomDudeViewController.swift; sourceTree = "<group>"; };
		FC3B31802321B44000FA66F0 /* Poke.swift */ = {isa = PBXFileReference; lastKnownFileType = sourcecode.swift; path = Poke.swift; sourceTree = "<group>"; };
		FC3B31A92322E46100FA66F0 /* PokeDetailViewController.swift */ = {isa = PBXFileReference; lastKnownFileType = sourcecode.swift; path = PokeDetailViewController.swift; sourceTree = "<group>"; };
		FC3B31AC2322EF1000FA66F0 /* RandomDude.swift */ = {isa = PBXFileReference; lastKnownFileType = sourcecode.swift; path = RandomDude.swift; sourceTree = "<group>"; };
		FC3B31AE2322F22B00FA66F0 /* RandomDudeTableViewCell.swift */ = {isa = PBXFileReference; lastKnownFileType = sourcecode.swift; path = RandomDudeTableViewCell.swift; sourceTree = "<group>"; };
/* End PBXFileReference section */

/* Begin PBXFrameworksBuildPhase section */
		FC3B31582321894C00FA66F0 /* Frameworks */ = {
			isa = PBXFrameworksBuildPhase;
			buildActionMask = 2147483647;
			files = (
			);
			runOnlyForDeploymentPostprocessing = 0;
		};
/* End PBXFrameworksBuildPhase section */

/* Begin PBXGroup section */
		FC3B31522321894C00FA66F0 = {
			isa = PBXGroup;
			children = (
				FC3B315D2321894C00FA66F0 /* lab-image */,
				FC3B315C2321894C00FA66F0 /* Products */,
			);
			sourceTree = "<group>";
		};
		FC3B315C2321894C00FA66F0 /* Products */ = {
			isa = PBXGroup;
			children = (
				FC3B315B2321894C00FA66F0 /* lab-image.app */,
			);
			name = Products;
			sourceTree = "<group>";
		};
		FC3B315D2321894C00FA66F0 /* lab-image */ = {
			isa = PBXGroup;
			children = (
				FC3B317623218C8500FA66F0 /* Newtwork Tools */,
				FC3B317923218E2B00FA66F0 /* Models */,
				FC3B31AB2322E46500FA66F0 /* Detail View Controllers */,
				FC3B317E2321A67A00FA66F0 /* View Controllers */,
				FC3B317F2321A69600FA66F0 /* Supporting Files */,
				FC3B31B02322F23100FA66F0 /* Custom Cells */,
				FC3B31622321894C00FA66F0 /* Main.storyboard */,
				FC3B316A2321895000FA66F0 /* Info.plist */,
			);
			path = "lab-image";
			sourceTree = "<group>";
		};
		FC3B317623218C8500FA66F0 /* Newtwork Tools */ = {
			isa = PBXGroup;
			children = (
				FC3B317023218BF100FA66F0 /* NetworkManager.swift */,
				FC3B317223218C3100FA66F0 /* AppError.swift */,
				FC3B317423218C6100FA66F0 /* ImageHelper.swift */,
			);
			path = "Newtwork Tools";
			sourceTree = "<group>";
		};
		FC3B317923218E2B00FA66F0 /* Models */ = {
			isa = PBXGroup;
			children = (
				FC3B317723218E2700FA66F0 /* XKCD.swift */,
				FC3B31802321B44000FA66F0 /* Poke.swift */,
				FC3B31AC2322EF1000FA66F0 /* RandomDude.swift */,
			);
			path = Models;
			sourceTree = "<group>";
		};
		FC3B317E2321A67A00FA66F0 /* View Controllers */ = {
			isa = PBXGroup;
			children = (
				FC3B31602321894C00FA66F0 /* ViewController.swift */,
				FC3B317A2321A65E00FA66F0 /* PokemonViewController.swift */,
				FC3B317C2321A66D00FA66F0 /* RandomDudeViewController.swift */,
			);
			path = "View Controllers";
			sourceTree = "<group>";
		};
		FC3B317F2321A69600FA66F0 /* Supporting Files */ = {
			isa = PBXGroup;
			children = (
				FC3B315E2321894C00FA66F0 /* AppDelegate.swift */,
				FC3B31652321895000FA66F0 /* Assets.xcassets */,
				FC3B31672321895000FA66F0 /* LaunchScreen.storyboard */,
			);
			path = "Supporting Files";
			sourceTree = "<group>";
		};
		FC3B31AB2322E46500FA66F0 /* Detail View Controllers */ = {
			isa = PBXGroup;
			children = (
				FC3B31A92322E46100FA66F0 /* PokeDetailViewController.swift */,
			);
			path = "Detail View Controllers";
			sourceTree = "<group>";
		};
		FC3B31B02322F23100FA66F0 /* Custom Cells */ = {
			isa = PBXGroup;
			children = (
				FC3B31AE2322F22B00FA66F0 /* RandomDudeTableViewCell.swift */,
			);
			path = "Custom Cells";
			sourceTree = "<group>";
		};
/* End PBXGroup section */

/* Begin PBXNativeTarget section */
		FC3B315A2321894C00FA66F0 /* lab-image */ = {
			isa = PBXNativeTarget;
			buildConfigurationList = FC3B316D2321895000FA66F0 /* Build configuration list for PBXNativeTarget "lab-image" */;
			buildPhases = (
				FC3B31572321894C00FA66F0 /* Sources */,
				FC3B31582321894C00FA66F0 /* Frameworks */,
				FC3B31592321894C00FA66F0 /* Resources */,
			);
			buildRules = (
			);
			dependencies = (
			);
			name = "lab-image";
			productName = "lab-image";
			productReference = FC3B315B2321894C00FA66F0 /* lab-image.app */;
			productType = "com.apple.product-type.application";
		};
/* End PBXNativeTarget section */

/* Begin PBXProject section */
		FC3B31532321894C00FA66F0 /* Project object */ = {
			isa = PBXProject;
			attributes = {
				LastSwiftUpdateCheck = 1030;
				LastUpgradeCheck = 1030;
				ORGANIZATIONNAME = "Levi Davis";
				TargetAttributes = {
					FC3B315A2321894C00FA66F0 = {
						CreatedOnToolsVersion = 10.3;
					};
				};
			};
			buildConfigurationList = FC3B31562321894C00FA66F0 /* Build configuration list for PBXProject "lab-image" */;
			compatibilityVersion = "Xcode 9.3";
			developmentRegion = en;
			hasScannedForEncodings = 0;
			knownRegions = (
				en,
				Base,
			);
			mainGroup = FC3B31522321894C00FA66F0;
			productRefGroup = FC3B315C2321894C00FA66F0 /* Products */;
			projectDirPath = "";
			projectRoot = "";
			targets = (
				FC3B315A2321894C00FA66F0 /* lab-image */,
			);
		};
/* End PBXProject section */

/* Begin PBXResourcesBuildPhase section */
		FC3B31592321894C00FA66F0 /* Resources */ = {
			isa = PBXResourcesBuildPhase;
			buildActionMask = 2147483647;
			files = (
				FC3B31692321895000FA66F0 /* LaunchScreen.storyboard in Resources */,
				FC3B31662321895000FA66F0 /* Assets.xcassets in Resources */,
				FC3B31642321894C00FA66F0 /* Main.storyboard in Resources */,
			);
			runOnlyForDeploymentPostprocessing = 0;
		};
/* End PBXResourcesBuildPhase section */

/* Begin PBXSourcesBuildPhase section */
		FC3B31572321894C00FA66F0 /* Sources */ = {
			isa = PBXSourcesBuildPhase;
			buildActionMask = 2147483647;
			files = (
				FC3B317323218C3100FA66F0 /* AppError.swift in Sources */,
				FC3B317823218E2700FA66F0 /* XKCD.swift in Sources */,
				FC3B31AF2322F22B00FA66F0 /* RandomDudeTableViewCell.swift in Sources */,
				FC3B317523218C6100FA66F0 /* ImageHelper.swift in Sources */,
				FC3B317D2321A66D00FA66F0 /* RandomDudeViewController.swift in Sources */,
				FC3B31812321B44100FA66F0 /* Poke.swift in Sources */,
				FC3B317B2321A65E00FA66F0 /* PokemonViewController.swift in Sources */,
				FC3B31AD2322EF1000FA66F0 /* RandomDude.swift in Sources */,
				FC3B31AA2322E46200FA66F0 /* PokeDetailViewController.swift in Sources */,
				FC3B317123218BF100FA66F0 /* NetworkManager.swift in Sources */,
				FC3B31612321894C00FA66F0 /* ViewController.swift in Sources */,
				FC3B315F2321894C00FA66F0 /* AppDelegate.swift in Sources */,
			);
			runOnlyForDeploymentPostprocessing = 0;
		};
/* End PBXSourcesBuildPhase section */

/* Begin PBXVariantGroup section */
		FC3B31622321894C00FA66F0 /* Main.storyboard */ = {
			isa = PBXVariantGroup;
			children = (
				FC3B31632321894C00FA66F0 /* Base */,
			);
			name = Main.storyboard;
			sourceTree = "<group>";
		};
		FC3B31672321895000FA66F0 /* LaunchScreen.storyboard */ = {
			isa = PBXVariantGroup;
			children = (
				FC3B31682321895000FA66F0 /* Base */,
			);
			name = LaunchScreen.storyboard;
			sourceTree = "<group>";
		};
/* End PBXVariantGroup section */

/* Begin XCBuildConfiguration section */
		FC3B316B2321895000FA66F0 /* Debug */ = {
			isa = XCBuildConfiguration;
			buildSettings = {
				ALWAYS_SEARCH_USER_PATHS = NO;
				CLANG_ANALYZER_NONNULL = YES;
				CLANG_ANALYZER_NUMBER_OBJECT_CONVERSION = YES_AGGRESSIVE;
				CLANG_CXX_LANGUAGE_STANDARD = "gnu++14";
				CLANG_CXX_LIBRARY = "libc++";
				CLANG_ENABLE_MODULES = YES;
				CLANG_ENABLE_OBJC_ARC = YES;
				CLANG_ENABLE_OBJC_WEAK = YES;
				CLANG_WARN_BLOCK_CAPTURE_AUTORELEASING = YES;
				CLANG_WARN_BOOL_CONVERSION = YES;
				CLANG_WARN_COMMA = YES;
				CLANG_WARN_CONSTANT_CONVERSION = YES;
				CLANG_WARN_DEPRECATED_OBJC_IMPLEMENTATIONS = YES;
				CLANG_WARN_DIRECT_OBJC_ISA_USAGE = YES_ERROR;
				CLANG_WARN_DOCUMENTATION_COMMENTS = YES;
				CLANG_WARN_EMPTY_BODY = YES;
				CLANG_WARN_ENUM_CONVERSION = YES;
				CLANG_WARN_INFINITE_RECURSION = YES;
				CLANG_WARN_INT_CONVERSION = YES;
				CLANG_WARN_NON_LITERAL_NULL_CONVERSION = YES;
				CLANG_WARN_OBJC_IMPLICIT_RETAIN_SELF = YES;
				CLANG_WARN_OBJC_LITERAL_CONVERSION = YES;
				CLANG_WARN_OBJC_ROOT_CLASS = YES_ERROR;
				CLANG_WARN_RANGE_LOOP_ANALYSIS = YES;
				CLANG_WARN_STRICT_PROTOTYPES = YES;
				CLANG_WARN_SUSPICIOUS_MOVE = YES;
				CLANG_WARN_UNGUARDED_AVAILABILITY = YES_AGGRESSIVE;
				CLANG_WARN_UNREACHABLE_CODE = YES;
				CLANG_WARN__DUPLICATE_METHOD_MATCH = YES;
				CODE_SIGN_IDENTITY = "iPhone Developer";
				COPY_PHASE_STRIP = NO;
				DEBUG_INFORMATION_FORMAT = dwarf;
				ENABLE_STRICT_OBJC_MSGSEND = YES;
				ENABLE_TESTABILITY = YES;
				GCC_C_LANGUAGE_STANDARD = gnu11;
				GCC_DYNAMIC_NO_PIC = NO;
				GCC_NO_COMMON_BLOCKS = YES;
				GCC_OPTIMIZATION_LEVEL = 0;
				GCC_PREPROCESSOR_DEFINITIONS = (
					"DEBUG=1",
					"$(inherited)",
				);
				GCC_WARN_64_TO_32_BIT_CONVERSION = YES;
				GCC_WARN_ABOUT_RETURN_TYPE = YES_ERROR;
				GCC_WARN_UNDECLARED_SELECTOR = YES;
				GCC_WARN_UNINITIALIZED_AUTOS = YES_AGGRESSIVE;
				GCC_WARN_UNUSED_FUNCTION = YES;
				GCC_WARN_UNUSED_VARIABLE = YES;
				IPHONEOS_DEPLOYMENT_TARGET = 12.4;
				MTL_ENABLE_DEBUG_INFO = INCLUDE_SOURCE;
				MTL_FAST_MATH = YES;
				ONLY_ACTIVE_ARCH = YES;
				SDKROOT = iphoneos;
				SWIFT_ACTIVE_COMPILATION_CONDITIONS = DEBUG;
				SWIFT_OPTIMIZATION_LEVEL = "-Onone";
			};
			name = Debug;
		};
		FC3B316C2321895000FA66F0 /* Release */ = {
			isa = XCBuildConfiguration;
			buildSettings = {
				ALWAYS_SEARCH_USER_PATHS = NO;
				CLANG_ANALYZER_NONNULL = YES;
				CLANG_ANALYZER_NUMBER_OBJECT_CONVERSION = YES_AGGRESSIVE;
				CLANG_CXX_LANGUAGE_STANDARD = "gnu++14";
				CLANG_CXX_LIBRARY = "libc++";
				CLANG_ENABLE_MODULES = YES;
				CLANG_ENABLE_OBJC_ARC = YES;
				CLANG_ENABLE_OBJC_WEAK = YES;
				CLANG_WARN_BLOCK_CAPTURE_AUTORELEASING = YES;
				CLANG_WARN_BOOL_CONVERSION = YES;
				CLANG_WARN_COMMA = YES;
				CLANG_WARN_CONSTANT_CONVERSION = YES;
				CLANG_WARN_DEPRECATED_OBJC_IMPLEMENTATIONS = YES;
				CLANG_WARN_DIRECT_OBJC_ISA_USAGE = YES_ERROR;
				CLANG_WARN_DOCUMENTATION_COMMENTS = YES;
				CLANG_WARN_EMPTY_BODY = YES;
				CLANG_WARN_ENUM_CONVERSION = YES;
				CLANG_WARN_INFINITE_RECURSION = YES;
				CLANG_WARN_INT_CONVERSION = YES;
				CLANG_WARN_NON_LITERAL_NULL_CONVERSION = YES;
				CLANG_WARN_OBJC_IMPLICIT_RETAIN_SELF = YES;
				CLANG_WARN_OBJC_LITERAL_CONVERSION = YES;
				CLANG_WARN_OBJC_ROOT_CLASS = YES_ERROR;
				CLANG_WARN_RANGE_LOOP_ANALYSIS = YES;
				CLANG_WARN_STRICT_PROTOTYPES = YES;
				CLANG_WARN_SUSPICIOUS_MOVE = YES;
				CLANG_WARN_UNGUARDED_AVAILABILITY = YES_AGGRESSIVE;
				CLANG_WARN_UNREACHABLE_CODE = YES;
				CLANG_WARN__DUPLICATE_METHOD_MATCH = YES;
				CODE_SIGN_IDENTITY = "iPhone Developer";
				COPY_PHASE_STRIP = NO;
				DEBUG_INFORMATION_FORMAT = "dwarf-with-dsym";
				ENABLE_NS_ASSERTIONS = NO;
				ENABLE_STRICT_OBJC_MSGSEND = YES;
				GCC_C_LANGUAGE_STANDARD = gnu11;
				GCC_NO_COMMON_BLOCKS = YES;
				GCC_WARN_64_TO_32_BIT_CONVERSION = YES;
				GCC_WARN_ABOUT_RETURN_TYPE = YES_ERROR;
				GCC_WARN_UNDECLARED_SELECTOR = YES;
				GCC_WARN_UNINITIALIZED_AUTOS = YES_AGGRESSIVE;
				GCC_WARN_UNUSED_FUNCTION = YES;
				GCC_WARN_UNUSED_VARIABLE = YES;
				IPHONEOS_DEPLOYMENT_TARGET = 12.4;
				MTL_ENABLE_DEBUG_INFO = NO;
				MTL_FAST_MATH = YES;
				SDKROOT = iphoneos;
				SWIFT_COMPILATION_MODE = wholemodule;
				SWIFT_OPTIMIZATION_LEVEL = "-O";
				VALIDATE_PRODUCT = YES;
			};
			name = Release;
		};
		FC3B316E2321895000FA66F0 /* Debug */ = {
			isa = XCBuildConfiguration;
			buildSettings = {
				ASSETCATALOG_COMPILER_APPICON_NAME = AppIcon;
				CODE_SIGN_STYLE = Automatic;
				INFOPLIST_FILE = "lab-image/Info.plist";
				LD_RUNPATH_SEARCH_PATHS = (
					"$(inherited)",
					"@executable_path/Frameworks",
				);
				PRODUCT_BUNDLE_IDENTIFIER = "com-example.lab-image";
				PRODUCT_NAME = "$(TARGET_NAME)";
				SWIFT_VERSION = 5.0;
				TARGETED_DEVICE_FAMILY = "1,2";
			};
			name = Debug;
		};
		FC3B316F2321895000FA66F0 /* Release */ = {
			isa = XCBuildConfiguration;
			buildSettings = {
				ASSETCATALOG_COMPILER_APPICON_NAME = AppIcon;
				CODE_SIGN_STYLE = Automatic;
				INFOPLIST_FILE = "lab-image/Info.plist";
				LD_RUNPATH_SEARCH_PATHS = (
					"$(inherited)",
					"@executable_path/Frameworks",
				);
				PRODUCT_BUNDLE_IDENTIFIER = "com-example.lab-image";
				PRODUCT_NAME = "$(TARGET_NAME)";
				SWIFT_VERSION = 5.0;
				TARGETED_DEVICE_FAMILY = "1,2";
			};
			name = Release;
		};
/* End XCBuildConfiguration section */

/* Begin XCConfigurationList section */
		FC3B31562321894C00FA66F0 /* Build configuration list for PBXProject "lab-image" */ = {
			isa = XCConfigurationList;
			buildConfigurations = (
				FC3B316B2321895000FA66F0 /* Debug */,
				FC3B316C2321895000FA66F0 /* Release */,
			);
			defaultConfigurationIsVisible = 0;
			defaultConfigurationName = Release;
		};
		FC3B316D2321895000FA66F0 /* Build configuration list for PBXNativeTarget "lab-image" */ = {
			isa = XCConfigurationList;
			buildConfigurations = (
				FC3B316E2321895000FA66F0 /* Debug */,
				FC3B316F2321895000FA66F0 /* Release */,
			);
			defaultConfigurationIsVisible = 0;
			defaultConfigurationName = Release;
		};
/* End XCConfigurationList section */
	};
	rootObject = FC3B31532321894C00FA66F0 /* Project object */;
}
